# This file is automatically @generated by Poetry 1.7.1 and should not be changed by hand.

[[package]]
name = "appeldryck"
version = "0.5.0"
description = ""
optional = false
python-versions = "^3.12"
files = []
develop = true

[package.source]
type = "directory"
url = "../appeldryck"

[metadata]
lock-version = "2.0"
python-versions = "^3.12"
content-hash = "073e9a92f210d03e7733e4fa4b2864b6fe22d4f4ce72fbcb20307fe7d7264369"
